
Microsoft Visual Studio Solution File, Format Version 12.00
# Visual Studio Version 17
VisualStudioVersion = 17.9.34723.18
MinimumVisualStudioVersion = 10.0.40219.1
Project("{2150E333-8FDC-42A3-9474-1A3956D46DE8}") = "Presentation", "Presentation", "{4C2A0144-224C-4E87-9BDA-C3898C3B01D5}"
EndProject
Project("{FAE04EC0-301F-11D3-BF4B-00C04F79EFBC}") = "Application", "Application\Application.csproj", "{D5FD488C-A32A-4DC5-8890-B284E50EF52C}"
EndProject
Project("{FAE04EC0-301F-11D3-BF4B-00C04F79EFBC}") = "Domain", "Domain\Domain.csproj", "{3E56C483-3186-4FAC-935B-9987CF4C8351}"
EndProject
Project("{FAE04EC0-301F-11D3-BF4B-00C04F79EFBC}") = "Infrastructure", "Infraestructure\Infrastructure.csproj", "{34C70B48-B34E-4059-B950-CAB41C227380}"
EndProject
Project("{FAE04EC0-301F-11D3-BF4B-00C04F79EFBC}") = "API", "API\API.csproj", "{D196A087-208B-4A25-9327-25BE8B1994A2}"
EndProject
Global
	GlobalSection(SolutionConfigurationPlatforms) = preSolution
		Debug|Any CPU = Debug|Any CPU
		Release|Any CPU = Release|Any CPU
	EndGlobalSection
	GlobalSection(ProjectConfigurationPlatforms) = postSolution
		{D5FD488C-A32A-4DC5-8890-B284E50EF52C}.Debug|Any CPU.ActiveCfg = Debug|Any CPU
		{D5FD488C-A32A-4DC5-8890-B284E50EF52C}.Debug|Any CPU.Build.0 = Debug|Any CPU
		{D5FD488C-A32A-4DC5-8890-B284E50EF52C}.Release|Any CPU.ActiveCfg = Release|Any CPU
		{D5FD488C-A32A-4DC5-8890-B284E50EF52C}.Release|Any CPU.Build.0 = Release|Any CPU
		{3E56C483-3186-4FAC-935B-9987CF4C8351}.Debug|Any CPU.ActiveCfg = Debug|Any CPU
		{3E56C483-3186-4FAC-935B-9987CF4C8351}.Debug|Any CPU.Build.0 = Debug|Any CPU
		{3E56C483-3186-4FAC-935B-9987CF4C8351}.Release|Any CPU.ActiveCfg = Release|Any CPU
		{3E56C483-3186-4FAC-935B-9987CF4C8351}.Release|Any CPU.Build.0 = Release|Any CPU
		{34C70B48-B34E-4059-B950-CAB41C227380}.Debug|Any CPU.ActiveCfg = Debug|Any CPU
		{34C70B48-B34E-4059-B950-CAB41C227380}.Debug|Any CPU.Build.0 = Debug|Any CPU
		{34C70B48-B34E-4059-B950-CAB41C227380}.Release|Any CPU.ActiveCfg = Release|Any CPU
		{34C70B48-B34E-4059-B950-CAB41C227380}.Release|Any CPU.Build.0 = Release|Any CPU
		{D196A087-208B-4A25-9327-25BE8B1994A2}.Debug|Any CPU.ActiveCfg = Debug|Any CPU
		{D196A087-208B-4A25-9327-25BE8B1994A2}.Debug|Any CPU.Build.0 = Debug|Any CPU
		{D196A087-208B-4A25-9327-25BE8B1994A2}.Release|Any CPU.ActiveCfg = Release|Any CPU
		{D196A087-208B-4A25-9327-25BE8B1994A2}.Release|Any CPU.Build.0 = Release|Any CPU
	EndGlobalSection
	GlobalSection(SolutionProperties) = preSolution
		HideSolutionNode = FALSE
	EndGlobalSection
	GlobalSection(NestedProjects) = preSolution
		{D196A087-208B-4A25-9327-25BE8B1994A2} = {4C2A0144-224C-4E87-9BDA-C3898C3B01D5}
	EndGlobalSection
	GlobalSection(ExtensibilityGlobals) = postSolution
		SolutionGuid = {CC95C483-E83B-4017-AC77-F0DF4DC81047}
	EndGlobalSection
EndGlobal
